# This file is autogenerated, do not edit; changes may be undone by the next 'dep ensure'.


[[projects]]
  branch = "master"
  name = "golang.org/x/crypto"
  packages = ["pbkdf2"]
  revision = "2fc4c88bf43f0ea5ea305eae2b7af24b2cc93287"

[[projects]]
  name = "pault.ag/go/ykpiv"
  packages = [
    ".",
    "internal/bytearray",
    "internal/pkcs1v15"
  ]
  revision = "f28518f20029f7ed12a8ced4fbce8c86981b4c5c"
  version = "1.1"

[solve-meta]
  analyzer-name = "dep"
  analyzer-version = 1
  inputs-digest = "0ede35d88b987de90a16e74978144a2bfff8a74b9f30c542e6f6960b1399797d"
  solver-name = "gps-cdcl"
  solver-version = 1
